// !$*UTF8*$!
{
	archiveVersion = 1;
	classes = {
	};
	objectVersion = 56;
	objects = {

/* Begin PBXBuildFile section */
		6F7F83C7E10400EDB12FCC65 /* Pods_MTG_SwiftUI.framework in Frameworks */ = {isa = PBXBuildFile; fileRef = 5B031C0EA45323F0A8D078F2 /* Pods_MTG_SwiftUI.framework */; };
		BFC732AA2958A88B00C38248 /* MTG_SwiftUIApp.swift in Sources */ = {isa = PBXBuildFile; fileRef = BFC732A92958A88B00C38248 /* MTG_SwiftUIApp.swift */; };
		BFC732AC2958A88B00C38248 /* ContentView.swift in Sources */ = {isa = PBXBuildFile; fileRef = BFC732AB2958A88B00C38248 /* ContentView.swift */; };
		BFC732AE2958A88C00C38248 /* Assets.xcassets in Resources */ = {isa = PBXBuildFile; fileRef = BFC732AD2958A88C00C38248 /* Assets.xcassets */; };
		BFC732B12958A88C00C38248 /* Preview Assets.xcassets in Resources */ = {isa = PBXBuildFile; fileRef = BFC732B02958A88C00C38248 /* Preview Assets.xcassets */; };
		BFC732B92958AC1A00C38248 /* Card.swift in Sources */ = {isa = PBXBuildFile; fileRef = BFC732B82958AC1A00C38248 /* Card.swift */; };
		BFC732BB2958AC6B00C38248 /* Collection.swift in Sources */ = {isa = PBXBuildFile; fileRef = BFC732BA2958AC6B00C38248 /* Collection.swift */; };
		BFC732BE2958ACC200C38248 /* Network Manager.swift in Sources */ = {isa = PBXBuildFile; fileRef = BFC732BD2958ACC200C38248 /* Network Manager.swift */; };
		BFC732C02958ACE500C38248 /* Storage Network.swift in Sources */ = {isa = PBXBuildFile; fileRef = BFC732BF2958ACE500C38248 /* Storage Network.swift */; };
		BFC732C22958AD3D00C38248 /* AlertController.swift in Sources */ = {isa = PBXBuildFile; fileRef = BFC732C12958AD3D00C38248 /* AlertController.swift */; };
		BFC732C62958C45C00C38248 /* CardsView.swift in Sources */ = {isa = PBXBuildFile; fileRef = BFC732C52958C45C00C38248 /* CardsView.swift */; };
		BFC732C92958C8C200C38248 /* CardCell.swift in Sources */ = {isa = PBXBuildFile; fileRef = BFC732C82958C8C200C38248 /* CardCell.swift */; };
		BFC732CB2958C9FD00C38248 /* CardImage.swift in Sources */ = {isa = PBXBuildFile; fileRef = BFC732CA2958C9FD00C38248 /* CardImage.swift */; };
		BFC732CE295B73D000C38248 /* CardDetailView.swift in Sources */ = {isa = PBXBuildFile; fileRef = BFC732CD295B73D000C38248 /* CardDetailView.swift */; };
		BFC732D0295CE6F300C38248 /* CollectionsView.swift in Sources */ = {isa = PBXBuildFile; fileRef = BFC732CF295CE6F300C38248 /* CollectionsView.swift */; };
		BFC732D2295FC52C00C38248 /* CardsInCollectionView.swift in Sources */ = {isa = PBXBuildFile; fileRef = BFC732D1295FC52C00C38248 /* CardsInCollectionView.swift */; };
		BFC732D42961DFBF00C38248 /* SaveInCollectionView.swift in Sources */ = {isa = PBXBuildFile; fileRef = BFC732D32961DFBF00C38248 /* SaveInCollectionView.swift */; };
		BFC732D62966007000C38248 /* CardDetailsFromCollection.swift in Sources */ = {isa = PBXBuildFile; fileRef = BFC732D52966007000C38248 /* CardDetailsFromCollection.swift */; };
		BFC732D8296A10F000C38248 /* HealthCounterView.swift in Sources */ = {isa = PBXBuildFile; fileRef = BFC732D7296A10F000C38248 /* HealthCounterView.swift */; };
		BFC732DA296A123E00C38248 /* HpMiniViewRed.swift in Sources */ = {isa = PBXBuildFile; fileRef = BFC732D9296A123E00C38248 /* HpMiniViewRed.swift */; };
		BFC732DC296CB94D00C38248 /* HpMiniViewBlue.swift in Sources */ = {isa = PBXBuildFile; fileRef = BFC732DB296CB94D00C38248 /* HpMiniViewBlue.swift */; };
/* End PBXBuildFile section */

/* Begin PBXFileReference section */
		3DA66DA43D45576CDB68D01C /* Pods-MTG_SwiftUI.release.xcconfig */ = {isa = PBXFileReference; includeInIndex = 1; lastKnownFileType = text.xcconfig; name = "Pods-MTG_SwiftUI.release.xcconfig"; path = "Target Support Files/Pods-MTG_SwiftUI/Pods-MTG_SwiftUI.release.xcconfig"; sourceTree = "<group>"; };
		5B031C0EA45323F0A8D078F2 /* Pods_MTG_SwiftUI.framework */ = {isa = PBXFileReference; explicitFileType = wrapper.framework; includeInIndex = 0; path = Pods_MTG_SwiftUI.framework; sourceTree = BUILT_PRODUCTS_DIR; };
		BFC732A62958A88B00C38248 /* MTG_SwiftUI.app */ = {isa = PBXFileReference; explicitFileType = wrapper.application; includeInIndex = 0; path = MTG_SwiftUI.app; sourceTree = BUILT_PRODUCTS_DIR; };
		BFC732A92958A88B00C38248 /* MTG_SwiftUIApp.swift */ = {isa = PBXFileReference; lastKnownFileType = sourcecode.swift; path = MTG_SwiftUIApp.swift; sourceTree = "<group>"; };
		BFC732AB2958A88B00C38248 /* ContentView.swift */ = {isa = PBXFileReference; lastKnownFileType = sourcecode.swift; path = ContentView.swift; sourceTree = "<group>"; };
		BFC732AD2958A88C00C38248 /* Assets.xcassets */ = {isa = PBXFileReference; lastKnownFileType = folder.assetcatalog; path = Assets.xcassets; sourceTree = "<group>"; };
		BFC732B02958A88C00C38248 /* Preview Assets.xcassets */ = {isa = PBXFileReference; lastKnownFileType = folder.assetcatalog; path = "Preview Assets.xcassets"; sourceTree = "<group>"; };
		BFC732B82958AC1A00C38248 /* Card.swift */ = {isa = PBXFileReference; lastKnownFileType = sourcecode.swift; path = Card.swift; sourceTree = "<group>"; };
		BFC732BA2958AC6B00C38248 /* Collection.swift */ = {isa = PBXFileReference; lastKnownFileType = sourcecode.swift; path = Collection.swift; sourceTree = "<group>"; };
		BFC732BD2958ACC200C38248 /* Network Manager.swift */ = {isa = PBXFileReference; lastKnownFileType = sourcecode.swift; path = "Network Manager.swift"; sourceTree = "<group>"; };
		BFC732BF2958ACE500C38248 /* Storage Network.swift */ = {isa = PBXFileReference; lastKnownFileType = sourcecode.swift; path = "Storage Network.swift"; sourceTree = "<group>"; };
		BFC732C12958AD3D00C38248 /* AlertController.swift */ = {isa = PBXFileReference; lastKnownFileType = sourcecode.swift; path = AlertController.swift; sourceTree = "<group>"; };
		BFC732C52958C45C00C38248 /* CardsView.swift */ = {isa = PBXFileReference; lastKnownFileType = sourcecode.swift; path = CardsView.swift; sourceTree = "<group>"; };
		BFC732C82958C8C200C38248 /* CardCell.swift */ = {isa = PBXFileReference; lastKnownFileType = sourcecode.swift; path = CardCell.swift; sourceTree = "<group>"; };
		BFC732CA2958C9FD00C38248 /* CardImage.swift */ = {isa = PBXFileReference; lastKnownFileType = sourcecode.swift; path = CardImage.swift; sourceTree = "<group>"; };
		BFC732CC295B6B3100C38248 /* MTG-SwiftUI-Info.plist */ = {isa = PBXFileReference; lastKnownFileType = text.plist; path = "MTG-SwiftUI-Info.plist"; sourceTree = SOURCE_ROOT; };
		BFC732CD295B73D000C38248 /* CardDetailView.swift */ = {isa = PBXFileReference; lastKnownFileType = sourcecode.swift; path = CardDetailView.swift; sourceTree = "<group>"; };
		BFC732CF295CE6F300C38248 /* CollectionsView.swift */ = {isa = PBXFileReference; lastKnownFileType = sourcecode.swift; path = CollectionsView.swift; sourceTree = "<group>"; };
		BFC732D1295FC52C00C38248 /* CardsInCollectionView.swift */ = {isa = PBXFileReference; lastKnownFileType = sourcecode.swift; path = CardsInCollectionView.swift; sourceTree = "<group>"; };
		BFC732D32961DFBF00C38248 /* SaveInCollectionView.swift */ = {isa = PBXFileReference; lastKnownFileType = sourcecode.swift; path = SaveInCollectionView.swift; sourceTree = "<group>"; };
		BFC732D52966007000C38248 /* CardDetailsFromCollection.swift */ = {isa = PBXFileReference; lastKnownFileType = sourcecode.swift; path = CardDetailsFromCollection.swift; sourceTree = "<group>"; };
		BFC732D7296A10F000C38248 /* HealthCounterView.swift */ = {isa = PBXFileReference; lastKnownFileType = sourcecode.swift; path = HealthCounterView.swift; sourceTree = "<group>"; };
		BFC732D9296A123E00C38248 /* HpMiniViewRed.swift */ = {isa = PBXFileReference; lastKnownFileType = sourcecode.swift; path = HpMiniViewRed.swift; sourceTree = "<group>"; };
		BFC732DB296CB94D00C38248 /* HpMiniViewBlue.swift */ = {isa = PBXFileReference; lastKnownFileType = sourcecode.swift; path = HpMiniViewBlue.swift; sourceTree = "<group>"; };
		C8DF3F8BB7CA473D760F4128 /* Pods-MTG_SwiftUI.debug.xcconfig */ = {isa = PBXFileReference; includeInIndex = 1; lastKnownFileType = text.xcconfig; name = "Pods-MTG_SwiftUI.debug.xcconfig"; path = "Target Support Files/Pods-MTG_SwiftUI/Pods-MTG_SwiftUI.debug.xcconfig"; sourceTree = "<group>"; };
/* End PBXFileReference section */

/* Begin PBXFrameworksBuildPhase section */
		BFC732A32958A88B00C38248 /* Frameworks */ = {
			isa = PBXFrameworksBuildPhase;
			buildActionMask = 2147483647;
			files = (
				6F7F83C7E10400EDB12FCC65 /* Pods_MTG_SwiftUI.framework in Frameworks */,
			);
			runOnlyForDeploymentPostprocessing = 0;
		};
/* End PBXFrameworksBuildPhase section */

/* Begin PBXGroup section */
		3ADC02318A0B241F3C4D59C4 /* Pods */ = {
			isa = PBXGroup;
			children = (
				C8DF3F8BB7CA473D760F4128 /* Pods-MTG_SwiftUI.debug.xcconfig */,
				3DA66DA43D45576CDB68D01C /* Pods-MTG_SwiftUI.release.xcconfig */,
			);
			path = Pods;
			sourceTree = "<group>";
		};
		A77F2C74C94CA3B710E82BA4 /* Frameworks */ = {
			isa = PBXGroup;
			children = (
				5B031C0EA45323F0A8D078F2 /* Pods_MTG_SwiftUI.framework */,
			);
			name = Frameworks;
			sourceTree = "<group>";
		};
		BFC7329D2958A88B00C38248 = {
			isa = PBXGroup;
			children = (
				BFC732A82958A88B00C38248 /* MTG_SwiftUI */,
				BFC732A72958A88B00C38248 /* Products */,
				3ADC02318A0B241F3C4D59C4 /* Pods */,
				A77F2C74C94CA3B710E82BA4 /* Frameworks */,
			);
			sourceTree = "<group>";
		};
		BFC732A72958A88B00C38248 /* Products */ = {
			isa = PBXGroup;
			children = (
				BFC732A62958A88B00C38248 /* MTG_SwiftUI.app */,
			);
			name = Products;
			sourceTree = "<group>";
		};
		BFC732A82958A88B00C38248 /* MTG_SwiftUI */ = {
			isa = PBXGroup;
			children = (
				BFC732CC295B6B3100C38248 /* MTG-SwiftUI-Info.plist */,
				BFC732C72958C85200C38248 /* Views */,
				BFC732BC2958ACA400C38248 /* Support Managers */,
				BFC732B72958AC0B00C38248 /* Model */,
				BFC732A92958A88B00C38248 /* MTG_SwiftUIApp.swift */,
				BFC732AD2958A88C00C38248 /* Assets.xcassets */,
				BFC732AF2958A88C00C38248 /* Preview Content */,
			);
			path = MTG_SwiftUI;
			sourceTree = "<group>";
		};
		BFC732AF2958A88C00C38248 /* Preview Content */ = {
			isa = PBXGroup;
			children = (
				BFC732B02958A88C00C38248 /* Preview Assets.xcassets */,
			);
			path = "Preview Content";
			sourceTree = "<group>";
		};
		BFC732B72958AC0B00C38248 /* Model */ = {
			isa = PBXGroup;
			children = (
				BFC732B82958AC1A00C38248 /* Card.swift */,
				BFC732BA2958AC6B00C38248 /* Collection.swift */,
			);
			path = Model;
			sourceTree = "<group>";
		};
		BFC732BC2958ACA400C38248 /* Support Managers */ = {
			isa = PBXGroup;
			children = (
				BFC732BD2958ACC200C38248 /* Network Manager.swift */,
				BFC732BF2958ACE500C38248 /* Storage Network.swift */,
				BFC732CA2958C9FD00C38248 /* CardImage.swift */,
			);
			path = "Support Managers";
			sourceTree = "<group>";
		};
		BFC732C72958C85200C38248 /* Views */ = {
			isa = PBXGroup;
			children = (
				BFC732AB2958A88B00C38248 /* ContentView.swift */,
				BFC732C52958C45C00C38248 /* CardsView.swift */,
				BFC732C12958AD3D00C38248 /* AlertController.swift */,
				BFC732C82958C8C200C38248 /* CardCell.swift */,
				BFC732CD295B73D000C38248 /* CardDetailView.swift */,
				BFC732CF295CE6F300C38248 /* CollectionsView.swift */,
				BFC732D1295FC52C00C38248 /* CardsInCollectionView.swift */,
				BFC732D32961DFBF00C38248 /* SaveInCollectionView.swift */,
				BFC732D52966007000C38248 /* CardDetailsFromCollection.swift */,
				BFC732D7296A10F000C38248 /* HealthCounterView.swift */,
				BFC732D9296A123E00C38248 /* HpMiniViewRed.swift */,
				BFC732DB296CB94D00C38248 /* HpMiniViewBlue.swift */,
			);
			path = Views;
			sourceTree = "<group>";
		};
/* End PBXGroup section */

/* Begin PBXNativeTarget section */
		BFC732A52958A88B00C38248 /* MTG_SwiftUI */ = {
			isa = PBXNativeTarget;
			buildConfigurationList = BFC732B42958A88C00C38248 /* Build configuration list for PBXNativeTarget "MTG_SwiftUI" */;
			buildPhases = (
				935141CAF63EC06FAD70DB75 /* [CP] Check Pods Manifest.lock */,
				BFC732A22958A88B00C38248 /* Sources */,
				BFC732A32958A88B00C38248 /* Frameworks */,
				BFC732A42958A88B00C38248 /* Resources */,
				3DEDECC08DAA1859955ABD58 /* [CP] Embed Pods Frameworks */,
			);
			buildRules = (
			);
			dependencies = (
			);
			name = MTG_SwiftUI;
			productName = MTG_SwiftUI;
			productReference = BFC732A62958A88B00C38248 /* MTG_SwiftUI.app */;
			productType = "com.apple.product-type.application";
		};
/* End PBXNativeTarget section */

/* Begin PBXProject section */
		BFC7329E2958A88B00C38248 /* Project object */ = {
			isa = PBXProject;
			attributes = {
				BuildIndependentTargetsInParallel = 1;
				LastSwiftUpdateCheck = 1400;
				LastUpgradeCheck = 1400;
				TargetAttributes = {
					BFC732A52958A88B00C38248 = {
						CreatedOnToolsVersion = 14.0.1;
					};
				};
			};
			buildConfigurationList = BFC732A12958A88B00C38248 /* Build configuration list for PBXProject "MTG_SwiftUI" */;
			compatibilityVersion = "Xcode 14.0";
			developmentRegion = en;
			hasScannedForEncodings = 0;
			knownRegions = (
				en,
				Base,
			);
			mainGroup = BFC7329D2958A88B00C38248;
			productRefGroup = BFC732A72958A88B00C38248 /* Products */;
			projectDirPath = "";
			projectRoot = "";
			targets = (
				BFC732A52958A88B00C38248 /* MTG_SwiftUI */,
			);
		};
/* End PBXProject section */

/* Begin PBXResourcesBuildPhase section */
		BFC732A42958A88B00C38248 /* Resources */ = {
			isa = PBXResourcesBuildPhase;
			buildActionMask = 2147483647;
			files = (
				BFC732B12958A88C00C38248 /* Preview Assets.xcassets in Resources */,
				BFC732AE2958A88C00C38248 /* Assets.xcassets in Resources */,
			);
			runOnlyForDeploymentPostprocessing = 0;
		};
/* End PBXResourcesBuildPhase section */

/* Begin PBXShellScriptBuildPhase section */
		3DEDECC08DAA1859955ABD58 /* [CP] Embed Pods Frameworks */ = {
			isa = PBXShellScriptBuildPhase;
			buildActionMask = 2147483647;
			files = (
			);
			inputFileListPaths = (
				"${PODS_ROOT}/Target Support Files/Pods-MTG_SwiftUI/Pods-MTG_SwiftUI-frameworks-${CONFIGURATION}-input-files.xcfilelist",
			);
			name = "[CP] Embed Pods Frameworks";
			outputFileListPaths = (
				"${PODS_ROOT}/Target Support Files/Pods-MTG_SwiftUI/Pods-MTG_SwiftUI-frameworks-${CONFIGURATION}-output-files.xcfilelist",
			);
			runOnlyForDeploymentPostprocessing = 0;
			shellPath = /bin/sh;
			shellScript = "\"${PODS_ROOT}/Target Support Files/Pods-MTG_SwiftUI/Pods-MTG_SwiftUI-frameworks.sh\"\n";
			showEnvVarsInLog = 0;
		};
		935141CAF63EC06FAD70DB75 /* [CP] Check Pods Manifest.lock */ = {
			isa = PBXShellScriptBuildPhase;
			buildActionMask = 2147483647;
			files = (
			);
			inputFileListPaths = (
			);
			inputPaths = (
				"${PODS_PODFILE_DIR_PATH}/Podfile.lock",
				"${PODS_ROOT}/Manifest.lock",
			);
			name = "[CP] Check Pods Manifest.lock";
			outputFileListPaths = (
			);
			outputPaths = (
				"$(DERIVED_FILE_DIR)/Pods-MTG_SwiftUI-checkManifestLockResult.txt",
			);
			runOnlyForDeploymentPostprocessing = 0;
			shellPath = /bin/sh;
			shellScript = "diff \"${PODS_PODFILE_DIR_PATH}/Podfile.lock\" \"${PODS_ROOT}/Manifest.lock\" > /dev/null\nif [ $? != 0 ] ; then\n    # print error to STDERR\n    echo \"error: The sandbox is not in sync with the Podfile.lock. Run 'pod install' or update your CocoaPods installation.\" >&2\n    exit 1\nfi\n# This output is used by Xcode 'outputs' to avoid re-running this script phase.\necho \"SUCCESS\" > \"${SCRIPT_OUTPUT_FILE_0}\"\n";
			showEnvVarsInLog = 0;
		};
/* End PBXShellScriptBuildPhase section */

/* Begin PBXSourcesBuildPhase section */
		BFC732A22958A88B00C38248 /* Sources */ = {
			isa = PBXSourcesBuildPhase;
			buildActionMask = 2147483647;
			files = (
				BFC732AC2958A88B00C38248 /* ContentView.swift in Sources */,
				BFC732DA296A123E00C38248 /* HpMiniViewRed.swift in Sources */,
				BFC732D62966007000C38248 /* CardDetailsFromCollection.swift in Sources */,
				BFC732CB2958C9FD00C38248 /* CardImage.swift in Sources */,
				BFC732D8296A10F000C38248 /* HealthCounterView.swift in Sources */,
				BFC732D42961DFBF00C38248 /* SaveInCollectionView.swift in Sources */,
				BFC732D0295CE6F300C38248 /* CollectionsView.swift in Sources */,
				BFC732D2295FC52C00C38248 /* CardsInCollectionView.swift in Sources */,
				BFC732BE2958ACC200C38248 /* Network Manager.swift in Sources */,
				BFC732C62958C45C00C38248 /* CardsView.swift in Sources */,
				BFC732B92958AC1A00C38248 /* Card.swift in Sources */,
				BFC732C92958C8C200C38248 /* CardCell.swift in Sources */,
				BFC732C02958ACE500C38248 /* Storage Network.swift in Sources */,
				BFC732CE295B73D000C38248 /* CardDetailView.swift in Sources */,
				BFC732C22958AD3D00C38248 /* AlertController.swift in Sources */,
				BFC732DC296CB94D00C38248 /* HpMiniViewBlue.swift in Sources */,
				BFC732AA2958A88B00C38248 /* MTG_SwiftUIApp.swift in Sources */,
				BFC732BB2958AC6B00C38248 /* Collection.swift in Sources */,
			);
			runOnlyForDeploymentPostprocessing = 0;
		};
/* End PBXSourcesBuildPhase section */

/* Begin XCBuildConfiguration section */
		BFC732B22958A88C00C38248 /* Debug */ = {
			isa = XCBuildConfiguration;
			buildSettings = {
				ALWAYS_SEARCH_USER_PATHS = NO;
				CLANG_ANALYZER_NONNULL = YES;
				CLANG_ANALYZER_NUMBER_OBJECT_CONVERSION = YES_AGGRESSIVE;
				CLANG_CXX_LANGUAGE_STANDARD = "gnu++20";
				CLANG_ENABLE_MODULES = YES;
				CLANG_ENABLE_OBJC_ARC = YES;
				CLANG_ENABLE_OBJC_WEAK = YES;
				CLANG_WARN_BLOCK_CAPTURE_AUTORELEASING = YES;
				CLANG_WARN_BOOL_CONVERSION = YES;
				CLANG_WARN_COMMA = YES;
				CLANG_WARN_CONSTANT_CONVERSION = YES;
				CLANG_WARN_DEPRECATED_OBJC_IMPLEMENTATIONS = YES;
				CLANG_WARN_DIRECT_OBJC_ISA_USAGE = YES_ERROR;
				CLANG_WARN_DOCUMENTATION_COMMENTS = YES;
				CLANG_WARN_EMPTY_BODY = YES;
				CLANG_WARN_ENUM_CONVERSION = YES;
				CLANG_WARN_INFINITE_RECURSION = YES;
				CLANG_WARN_INT_CONVERSION = YES;
				CLANG_WARN_NON_LITERAL_NULL_CONVERSION = YES;
				CLANG_WARN_OBJC_IMPLICIT_RETAIN_SELF = YES;
				CLANG_WARN_OBJC_LITERAL_CONVERSION = YES;
				CLANG_WARN_OBJC_ROOT_CLASS = YES_ERROR;
				CLANG_WARN_QUOTED_INCLUDE_IN_FRAMEWORK_HEADER = YES;
				CLANG_WARN_RANGE_LOOP_ANALYSIS = YES;
				CLANG_WARN_STRICT_PROTOTYPES = YES;
				CLANG_WARN_SUSPICIOUS_MOVE = YES;
				CLANG_WARN_UNGUARDED_AVAILABILITY = YES_AGGRESSIVE;
				CLANG_WARN_UNREACHABLE_CODE = YES;
				CLANG_WARN__DUPLICATE_METHOD_MATCH = YES;
				COPY_PHASE_STRIP = NO;
				DEBUG_INFORMATION_FORMAT = dwarf;
				ENABLE_STRICT_OBJC_MSGSEND = YES;
				ENABLE_TESTABILITY = YES;
				GCC_C_LANGUAGE_STANDARD = gnu11;
				GCC_DYNAMIC_NO_PIC = NO;
				GCC_NO_COMMON_BLOCKS = YES;
				GCC_OPTIMIZATION_LEVEL = 0;
				GCC_PREPROCESSOR_DEFINITIONS = (
					"DEBUG=1",
					"$(inherited)",
				);
				GCC_WARN_64_TO_32_BIT_CONVERSION = YES;
				GCC_WARN_ABOUT_RETURN_TYPE = YES_ERROR;
				GCC_WARN_UNDECLARED_SELECTOR = YES;
				GCC_WARN_UNINITIALIZED_AUTOS = YES_AGGRESSIVE;
				GCC_WARN_UNUSED_FUNCTION = YES;
				GCC_WARN_UNUSED_VARIABLE = YES;
				IPHONEOS_DEPLOYMENT_TARGET = 16.0;
				MTL_ENABLE_DEBUG_INFO = INCLUDE_SOURCE;
				MTL_FAST_MATH = YES;
				ONLY_ACTIVE_ARCH = YES;
				SDKROOT = iphoneos;
				SWIFT_ACTIVE_COMPILATION_CONDITIONS = DEBUG;
				SWIFT_OPTIMIZATION_LEVEL = "-Onone";
			};
			name = Debug;
		};
		BFC732B32958A88C00C38248 /* Release */ = {
			isa = XCBuildConfiguration;
			buildSettings = {
				ALWAYS_SEARCH_USER_PATHS = NO;
				CLANG_ANALYZER_NONNULL = YES;
				CLANG_ANALYZER_NUMBER_OBJECT_CONVERSION = YES_AGGRESSIVE;
				CLANG_CXX_LANGUAGE_STANDARD = "gnu++20";
				CLANG_ENABLE_MODULES = YES;
				CLANG_ENABLE_OBJC_ARC = YES;
				CLANG_ENABLE_OBJC_WEAK = YES;
				CLANG_WARN_BLOCK_CAPTURE_AUTORELEASING = YES;
				CLANG_WARN_BOOL_CONVERSION = YES;
				CLANG_WARN_COMMA = YES;
				CLANG_WARN_CONSTANT_CONVERSION = YES;
				CLANG_WARN_DEPRECATED_OBJC_IMPLEMENTATIONS = YES;
				CLANG_WARN_DIRECT_OBJC_ISA_USAGE = YES_ERROR;
				CLANG_WARN_DOCUMENTATION_COMMENTS = YES;
				CLANG_WARN_EMPTY_BODY = YES;
				CLANG_WARN_ENUM_CONVERSION = YES;
				CLANG_WARN_INFINITE_RECURSION = YES;
				CLANG_WARN_INT_CONVERSION = YES;
				CLANG_WARN_NON_LITERAL_NULL_CONVERSION = YES;
				CLANG_WARN_OBJC_IMPLICIT_RETAIN_SELF = YES;
				CLANG_WARN_OBJC_LITERAL_CONVERSION = YES;
				CLANG_WARN_OBJC_ROOT_CLASS = YES_ERROR;
				CLANG_WARN_QUOTED_INCLUDE_IN_FRAMEWORK_HEADER = YES;
				CLANG_WARN_RANGE_LOOP_ANALYSIS = YES;
				CLANG_WARN_STRICT_PROTOTYPES = YES;
				CLANG_WARN_SUSPICIOUS_MOVE = YES;
				CLANG_WARN_UNGUARDED_AVAILABILITY = YES_AGGRESSIVE;
				CLANG_WARN_UNREACHABLE_CODE = YES;
				CLANG_WARN__DUPLICATE_METHOD_MATCH = YES;
				COPY_PHASE_STRIP = NO;
				DEBUG_INFORMATION_FORMAT = "dwarf-with-dsym";
				ENABLE_NS_ASSERTIONS = NO;
				ENABLE_STRICT_OBJC_MSGSEND = YES;
				GCC_C_LANGUAGE_STANDARD = gnu11;
				GCC_NO_COMMON_BLOCKS = YES;
				GCC_WARN_64_TO_32_BIT_CONVERSION = YES;
				GCC_WARN_ABOUT_RETURN_TYPE = YES_ERROR;
				GCC_WARN_UNDECLARED_SELECTOR = YES;
				GCC_WARN_UNINITIALIZED_AUTOS = YES_AGGRESSIVE;
				GCC_WARN_UNUSED_FUNCTION = YES;
				GCC_WARN_UNUSED_VARIABLE = YES;
				IPHONEOS_DEPLOYMENT_TARGET = 16.0;
				MTL_ENABLE_DEBUG_INFO = NO;
				MTL_FAST_MATH = YES;
				SDKROOT = iphoneos;
				SWIFT_COMPILATION_MODE = wholemodule;
				SWIFT_OPTIMIZATION_LEVEL = "-O";
				VALIDATE_PRODUCT = YES;
			};
			name = Release;
		};
		BFC732B52958A88C00C38248 /* Debug */ = {
			isa = XCBuildConfiguration;
			baseConfigurationReference = C8DF3F8BB7CA473D760F4128 /* Pods-MTG_SwiftUI.debug.xcconfig */;
			buildSettings = {
				ASSETCATALOG_COMPILER_APPICON_NAME = AppIcon;
				ASSETCATALOG_COMPILER_GLOBAL_ACCENT_COLOR_NAME = AccentColor;
				CODE_SIGN_STYLE = Automatic;
				CURRENT_PROJECT_VERSION = 1;
				DEVELOPMENT_ASSET_PATHS = "\"MTG_SwiftUI/Preview Content\"";
				DEVELOPMENT_TEAM = HGNXB64TGD;
				ENABLE_PREVIEWS = YES;
				GENERATE_INFOPLIST_FILE = YES;
				INFOPLIST_FILE = "MTG-SwiftUI-Info.plist";
				INFOPLIST_KEY_UIApplicationSceneManifest_Generation = YES;
				INFOPLIST_KEY_UIApplicationSupportsIndirectInputEvents = YES;
				INFOPLIST_KEY_UILaunchScreen_Generation = YES;
				INFOPLIST_KEY_UISupportedInterfaceOrientations_iPad = "UIInterfaceOrientationPortrait UIInterfaceOrientationPortraitUpsideDown UIInterfaceOrientationLandscapeLeft UIInterfaceOrientationLandscapeRight";
				INFOPLIST_KEY_UISupportedInterfaceOrientations_iPhone = "UIInterfaceOrientationPortrait UIInterfaceOrientationLandscapeLeft UIInterfaceOrientationLandscapeRight";
				LD_RUNPATH_SEARCH_PATHS = (
					"$(inherited)",
					"@executable_path/Frameworks",
				);
				MARKETING_VERSION = 1.0;
				PRODUCT_BUNDLE_IDENTIFIER = "mmg.MTG-SwiftUI";
				PRODUCT_NAME = "$(TARGET_NAME)";
				SWIFT_EMIT_LOC_STRINGS = YES;
				SWIFT_VERSION = 5.0;
				TARGETED_DEVICE_FAMILY = "1,2";
			};
			name = Debug;
		};
		BFC732B62958A88C00C38248 /* Release */ = {
			isa = XCBuildConfiguration;
			baseConfigurationReference = 3DA66DA43D45576CDB68D01C /* Pods-MTG_SwiftUI.release.xcconfig */;
			buildSettings = {
				ASSETCATALOG_COMPILER_APPICON_NAME = AppIcon;
				ASSETCATALOG_COMPILER_GLOBAL_ACCENT_COLOR_NAME = AccentColor;
				CODE_SIGN_STYLE = Automatic;
				CURRENT_PROJECT_VERSION = 1;
				DEVELOPMENT_ASSET_PATHS = "\"MTG_SwiftUI/Preview Content\"";
				DEVELOPMENT_TEAM = HGNXB64TGD;
				ENABLE_PREVIEWS = YES;
				GENERATE_INFOPLIST_FILE = YES;
				INFOPLIST_FILE = "MTG-SwiftUI-Info.plist";
				INFOPLIST_KEY_UIApplicationSceneManifest_Generation = YES;
				INFOPLIST_KEY_UIApplicationSupportsIndirectInputEvents = YES;
				INFOPLIST_KEY_UILaunchScreen_Generation = YES;
				INFOPLIST_KEY_UISupportedInterfaceOrientations_iPad = "UIInterfaceOrientationPortrait UIInterfaceOrientationPortraitUpsideDown UIInterfaceOrientationLandscapeLeft UIInterfaceOrientationLandscapeRight";
				INFOPLIST_KEY_UISupportedInterfaceOrientations_iPhone = "UIInterfaceOrientationPortrait UIInterfaceOrientationLandscapeLeft UIInterfaceOrientationLandscapeRight";
				LD_RUNPATH_SEARCH_PATHS = (
					"$(inherited)",
					"@executable_path/Frameworks",
				);
				MARKETING_VERSION = 1.0;
				PRODUCT_BUNDLE_IDENTIFIER = "mmg.MTG-SwiftUI";
				PRODUCT_NAME = "$(TARGET_NAME)";
				SWIFT_EMIT_LOC_STRINGS = YES;
				SWIFT_VERSION = 5.0;
				TARGETED_DEVICE_FAMILY = "1,2";
			};
			name = Release;
		};
/* End XCBuildConfiguration section */

/* Begin XCConfigurationList section */
		BFC732A12958A88B00C38248 /* Build configuration list for PBXProject "MTG_SwiftUI" */ = {
			isa = XCConfigurationList;
			buildConfigurations = (
				BFC732B22958A88C00C38248 /* Debug */,
				BFC732B32958A88C00C38248 /* Release */,
			);
			defaultConfigurationIsVisible = 0;
			defaultConfigurationName = Release;
		};
		BFC732B42958A88C00C38248 /* Build configuration list for PBXNativeTarget "MTG_SwiftUI" */ = {
			isa = XCConfigurationList;
			buildConfigurations = (
				BFC732B52958A88C00C38248 /* Debug */,
				BFC732B62958A88C00C38248 /* Release */,
			);
			defaultConfigurationIsVisible = 0;
			defaultConfigurationName = Release;
		};
/* End XCConfigurationList section */
	};
	rootObject = BFC7329E2958A88B00C38248 /* Project object */;
}
